
Microsoft Visual Studio Solution File, Format Version 12.00
# Visual Studio Version 17
VisualStudioVersion = 17.3.32929.385
MinimumVisualStudioVersion = 10.0.40219.1
Project("{FAE04EC0-301F-11D3-BF4B-00C04F79EFBC}") = "LanguageExt.AspNetCore.NativeTypes", "LanguageExt.AspNetCore.NativeTypes\LanguageExt.AspNetCore.NativeTypes.csproj", "{451B17BD-2288-47BD-9369-E3A1C086DA88}"
EndProject
Project("{FAE04EC0-301F-11D3-BF4B-00C04F79EFBC}") = "LanguageExt.AspNetCore.NativeTypes.Tests", "LanguageExt.AspNetCore.NativeTypes.Tests\LanguageExt.AspNetCore.NativeTypes.Tests.csproj", "{0C2B2165-C813-4D29-8346-EEBF8156168E}"
EndProject
Global
	GlobalSection(SolutionConfigurationPlatforms) = preSolution
		Debug|Any CPU = Debug|Any CPU
		Release|Any CPU = Release|Any CPU
	EndGlobalSection
	GlobalSection(ProjectConfigurationPlatforms) = postSolution
		{451B17BD-2288-47BD-9369-E3A1C086DA88}.Debug|Any CPU.ActiveCfg = Debug|Any CPU
		{451B17BD-2288-47BD-9369-E3A1C086DA88}.Debug|Any CPU.Build.0 = Debug|Any CPU
		{451B17BD-2288-47BD-9369-E3A1C086DA88}.Release|Any CPU.ActiveCfg = Release|Any CPU
		{451B17BD-2288-47BD-9369-E3A1C086DA88}.Release|Any CPU.Build.0 = Release|Any CPU
		{0C2B2165-C813-4D29-8346-EEBF8156168E}.Debug|Any CPU.ActiveCfg = Debug|Any CPU
		{0C2B2165-C813-4D29-8346-EEBF8156168E}.Debug|Any CPU.Build.0 = Debug|Any CPU
		{0C2B2165-C813-4D29-8346-EEBF8156168E}.Release|Any CPU.ActiveCfg = Release|Any CPU
		{0C2B2165-C813-4D29-8346-EEBF8156168E}.Release|Any CPU.Build.0 = Release|Any CPU
	EndGlobalSection
	GlobalSection(SolutionProperties) = preSolution
		HideSolutionNode = FALSE
	EndGlobalSection
	GlobalSection(ExtensibilityGlobals) = postSolution
		SolutionGuid = {95AE6502-C47F-4E2A-AEFB-B67AE0301C17}
	EndGlobalSection
EndGlobal
